
Microsoft Visual Studio Solution File, Format Version 11.00
# Visual Studio 2010
Project("{FAE04EC0-301F-11D3-BF4B-00C04F79EFBC}") = "MonoDevelop.AddinMaker", "MonoDevelop.AddinMaker.csproj", "{10ED7C7D-CD4D-4003-90D6-B36678232B6A}"
EndProject
Global
	GlobalSection(SolutionConfigurationPlatforms) = preSolution
		Debug|Any CPU = Debug|Any CPU
		Release|Any CPU = Release|Any CPU
	EndGlobalSection
	GlobalSection(ProjectConfigurationPlatforms) = postSolution
		{10ED7C7D-CD4D-4003-90D6-B36678232B6A}.Debug|Any CPU.ActiveCfg = Debug|Any CPU
		{10ED7C7D-CD4D-4003-90D6-B36678232B6A}.Debug|Any CPU.Build.0 = Debug|Any CPU
		{10ED7C7D-CD4D-4003-90D6-B36678232B6A}.Release|Any CPU.ActiveCfg = Release|Any CPU
		{10ED7C7D-CD4D-4003-90D6-B36678232B6A}.Release|Any CPU.Build.0 = Release|Any CPU
	EndGlobalSection
	GlobalSection(MonoDevelopProperties) = preSolution
		StartupItem = MonoDevelop.AddinMaker.csproj
	EndGlobalSection
EndGlobal
