
Microsoft Visual Studio Solution File, Format Version 12.00
# Visual Studio 2012
VisualStudioVersion = 12.0.30501.0
MinimumVisualStudioVersion = 10.0.40219.1
Project("{FAE04EC0-301F-11D3-BF4B-00C04F79EFBC}") = "MonoDevelop.AddinMaker", "MonoDevelop.AddinMaker\MonoDevelop.AddinMaker.csproj", "{10ED7C7D-CD4D-4003-90D6-B36678232B6A}"
	ProjectSection(ProjectDependencies) = postProject
		{AC367EC2-202F-4FB4-A461-5B95827C5DFF} = {AC367EC2-202F-4FB4-A461-5B95827C5DFF}
	EndProjectSection
EndProject
Project("{FAE04EC0-301F-11D3-BF4B-00C04F79EFBC}") = "MonoDevelop.Addins.Tasks", "MonoDevelop.Addins.Tasks\MonoDevelop.Addins.Tasks.csproj", "{AC367EC2-202F-4FB4-A461-5B95827C5DFF}"
EndProject
Project("{FAE04EC0-301F-11D3-BF4B-00C04F79EFBC}") = "MonoDevelop.AddinMaker.Tests", "MonoDevelop.AddinMaker.Tests\MonoDevelop.AddinMaker.Tests.csproj", "{0D2E42EE-4670-48D2-A3FA-0832B630D7F1}"
EndProject
>>>>>>> Unit tests work!
Global
	GlobalSection(SolutionConfigurationPlatforms) = preSolution
		Debug|Any CPU = Debug|Any CPU
		Release|Any CPU = Release|Any CPU
	EndGlobalSection
	GlobalSection(ProjectConfigurationPlatforms) = postSolution
		{10ED7C7D-CD4D-4003-90D6-B36678232B6A}.Debug|Any CPU.ActiveCfg = Debug|Any CPU
		{10ED7C7D-CD4D-4003-90D6-B36678232B6A}.Debug|Any CPU.Build.0 = Debug|Any CPU
		{10ED7C7D-CD4D-4003-90D6-B36678232B6A}.Release|Any CPU.ActiveCfg = Release|Any CPU
		{10ED7C7D-CD4D-4003-90D6-B36678232B6A}.Release|Any CPU.Build.0 = Release|Any CPU
		{AC367EC2-202F-4FB4-A461-5B95827C5DFF}.Debug|Any CPU.ActiveCfg = Debug|Any CPU
		{AC367EC2-202F-4FB4-A461-5B95827C5DFF}.Debug|Any CPU.Build.0 = Debug|Any CPU
		{AC367EC2-202F-4FB4-A461-5B95827C5DFF}.Release|Any CPU.ActiveCfg = Release|Any CPU
		{AC367EC2-202F-4FB4-A461-5B95827C5DFF}.Release|Any CPU.Build.0 = Release|Any CPU
		{0D2E42EE-4670-48D2-A3FA-0832B630D7F1}.Debug|Any CPU.ActiveCfg = Debug|Any CPU
		{0D2E42EE-4670-48D2-A3FA-0832B630D7F1}.Debug|Any CPU.Build.0 = Debug|Any CPU
		{0D2E42EE-4670-48D2-A3FA-0832B630D7F1}.Release|Any CPU.ActiveCfg = Release|Any CPU
		{0D2E42EE-4670-48D2-A3FA-0832B630D7F1}.Release|Any CPU.Build.0 = Release|Any CPU
	EndGlobalSection
	GlobalSection(MonoDevelopProperties) = preSolution
		Policies = $0
		$0.DotNetNamingPolicy = $1
		$1.DirectoryNamespaceAssociation = PrefixedHierarchical
		$1.ResourceNamePolicy = FileFormatDefault
		$0.TextStylePolicy = $2
		$2.FileWidth = 120
		$2.TabsToSpaces = False
		$2.inheritsSet = VisualStudio
		$2.inheritsScope = text/plain
		$2.scope = text/plain
		$0.CSharpFormattingPolicy = $3
		$3.inheritsSet = Mono
		$3.inheritsScope = text/x-csharp
		$3.scope = text/x-csharp
		$0.TextStylePolicy = $4
		$4.TabsToSpaces = False
		$4.inheritsSet = VisualStudio
		$4.inheritsScope = text/plain
		$4.scope = text/plain
	EndGlobalSection
	GlobalSection(SolutionProperties) = preSolution
		HideSolutionNode = FALSE
	EndGlobalSection
EndGlobal
